
Microsoft Visual Studio Solution File, Format Version 12.00
# Visual Studio Version 17
VisualStudioVersion = 17.12.35527.113
MinimumVisualStudioVersion = 10.0.40219.1
Project("{FAE04EC0-301F-11D3-BF4B-00C04F79EFBC}") = "Libreria.Server", "Libreria.Server\Libreria.Server.csproj", "{AC190DEE-F2D8-43D8-AE7B-3B3FC0105B14}"
EndProject
Project("{FAE04EC0-301F-11D3-BF4B-00C04F79EFBC}") = "Libreria.Client", "Libreria.Client\Libreria.Client.csproj", "{C6AD9020-F930-46E9-A99C-048499863048}"
EndProject
Global
	GlobalSection(SolutionConfigurationPlatforms) = preSolution
		Debug|Any CPU = Debug|Any CPU
		Release|Any CPU = Release|Any CPU
	EndGlobalSection
	GlobalSection(ProjectConfigurationPlatforms) = postSolution
		{AC190DEE-F2D8-43D8-AE7B-3B3FC0105B14}.Debug|Any CPU.ActiveCfg = Debug|Any CPU
		{AC190DEE-F2D8-43D8-AE7B-3B3FC0105B14}.Debug|Any CPU.Build.0 = Debug|Any CPU
		{AC190DEE-F2D8-43D8-AE7B-3B3FC0105B14}.Release|Any CPU.ActiveCfg = Release|Any CPU
		{AC190DEE-F2D8-43D8-AE7B-3B3FC0105B14}.Release|Any CPU.Build.0 = Release|Any CPU
		{C6AD9020-F930-46E9-A99C-048499863048}.Debug|Any CPU.ActiveCfg = Debug|Any CPU
		{C6AD9020-F930-46E9-A99C-048499863048}.Debug|Any CPU.Build.0 = Debug|Any CPU
		{C6AD9020-F930-46E9-A99C-048499863048}.Release|Any CPU.ActiveCfg = Release|Any CPU
		{C6AD9020-F930-46E9-A99C-048499863048}.Release|Any CPU.Build.0 = Release|Any CPU
	EndGlobalSection
	GlobalSection(SolutionProperties) = preSolution
		HideSolutionNode = FALSE
	EndGlobalSection
EndGlobal
